
Microsoft Visual Studio Solution File, Format Version 12.00
# Visual Studio Version 16
VisualStudioVersion = 16.0.29905.134
MinimumVisualStudioVersion = 10.0.40219.1
Project("{8BC9CEB8-8B4A-11D0-8D11-00A0C91BC942}") = "excelsior_internship", "excelsior_internship\excelsior_internship.vcxproj", "{623F36BB-2C19-4935-A565-F5FFEC972136}"
EndProject
Global
	GlobalSection(SolutionConfigurationPlatforms) = preSolution
		Debug|x64 = Debug|x64
		Debug|x86 = Debug|x86
		Release|x64 = Release|x64
		Release|x86 = Release|x86
	EndGlobalSection
	GlobalSection(ProjectConfigurationPlatforms) = postSolution
		{623F36BB-2C19-4935-A565-F5FFEC972136}.Debug|x64.ActiveCfg = Debug|x64
		{623F36BB-2C19-4935-A565-F5FFEC972136}.Debug|x64.Build.0 = Debug|x64
		{623F36BB-2C19-4935-A565-F5FFEC972136}.Debug|x86.ActiveCfg = Debug|Win32
		{623F36BB-2C19-4935-A565-F5FFEC972136}.Debug|x86.Build.0 = Debug|Win32
		{623F36BB-2C19-4935-A565-F5FFEC972136}.Release|x64.ActiveCfg = Release|x64
		{623F36BB-2C19-4935-A565-F5FFEC972136}.Release|x64.Build.0 = Release|x64
		{623F36BB-2C19-4935-A565-F5FFEC972136}.Release|x86.ActiveCfg = Release|Win32
		{623F36BB-2C19-4935-A565-F5FFEC972136}.Release|x86.Build.0 = Release|Win32
	EndGlobalSection
	GlobalSection(SolutionProperties) = preSolution
		HideSolutionNode = FALSE
	EndGlobalSection
	GlobalSection(ExtensibilityGlobals) = postSolution
		SolutionGuid = {EC8C0696-4BAD-4205-B93D-B9B295AE0AC0}
	EndGlobalSection
EndGlobal
